
Microsoft Visual Studio Solution File, Format Version 12.00
# Visual Studio 15
VisualStudioVersion = 15.0.28307.136
MinimumVisualStudioVersion = 10.0.40219.1
Project("{FAE04EC0-301F-11D3-BF4B-00C04F79EFBC}") = "ErrorHandling.Config", "ErrorHandling.Config.csproj", "{55B3E9C1-DFA8-497D-8C76-DB689F848A6B}"
EndProject
Project("{FAE04EC0-301F-11D3-BF4B-00C04F79EFBC}") = "ErrorHandling.Sender", "..\ErrorHandling.Sender\ErrorHandling.Sender.csproj", "{1DF59373-01A5-4482-B461-6B07371C4E31}"
EndProject
Project("{FAE04EC0-301F-11D3-BF4B-00C04F79EFBC}") = "ErrorHandling.Receiver", "..\ErrorHandling.Receiver\ErrorHandling.Receiver.csproj", "{A1AC3EA8-6219-4290-B180-F01B0E823A4F}"
EndProject
Global
	GlobalSection(SolutionConfigurationPlatforms) = preSolution
		Debug|Any CPU = Debug|Any CPU
		Release|Any CPU = Release|Any CPU
	EndGlobalSection
	GlobalSection(ProjectConfigurationPlatforms) = postSolution
		{55B3E9C1-DFA8-497D-8C76-DB689F848A6B}.Debug|Any CPU.ActiveCfg = Debug|Any CPU
		{55B3E9C1-DFA8-497D-8C76-DB689F848A6B}.Debug|Any CPU.Build.0 = Debug|Any CPU
		{55B3E9C1-DFA8-497D-8C76-DB689F848A6B}.Release|Any CPU.ActiveCfg = Release|Any CPU
		{55B3E9C1-DFA8-497D-8C76-DB689F848A6B}.Release|Any CPU.Build.0 = Release|Any CPU
		{1DF59373-01A5-4482-B461-6B07371C4E31}.Debug|Any CPU.ActiveCfg = Debug|Any CPU
		{1DF59373-01A5-4482-B461-6B07371C4E31}.Debug|Any CPU.Build.0 = Debug|Any CPU
		{1DF59373-01A5-4482-B461-6B07371C4E31}.Release|Any CPU.ActiveCfg = Release|Any CPU
		{1DF59373-01A5-4482-B461-6B07371C4E31}.Release|Any CPU.Build.0 = Release|Any CPU
		{A1AC3EA8-6219-4290-B180-F01B0E823A4F}.Debug|Any CPU.ActiveCfg = Debug|Any CPU
		{A1AC3EA8-6219-4290-B180-F01B0E823A4F}.Debug|Any CPU.Build.0 = Debug|Any CPU
		{A1AC3EA8-6219-4290-B180-F01B0E823A4F}.Release|Any CPU.ActiveCfg = Release|Any CPU
		{A1AC3EA8-6219-4290-B180-F01B0E823A4F}.Release|Any CPU.Build.0 = Release|Any CPU
	EndGlobalSection
	GlobalSection(SolutionProperties) = preSolution
		HideSolutionNode = FALSE
	EndGlobalSection
	GlobalSection(ExtensibilityGlobals) = postSolution
		SolutionGuid = {542FB313-19AA-4DEA-B970-D39EA87C0708}
	EndGlobalSection
EndGlobal
