
Microsoft Visual Studio Solution File, Format Version 12.00
# Visual Studio 15
VisualStudioVersion = 15.0.28307.136
MinimumVisualStudioVersion = 10.0.40219.1
Project("{FAE04EC0-301F-11D3-BF4B-00C04F79EFBC}") = "RequestResponseMessaging.Client", "src\RequestResponseMessaging.Client\RequestResponseMessaging.Client.csproj", "{BB13A8C1-7C4E-489C-98F0-343A7AD8364B}"
EndProject
Project("{FAE04EC0-301F-11D3-BF4B-00C04F79EFBC}") = "RequestResponseMessaging.Server", "src\RequestResponseMessaging.Server\RequestResponseMessaging.Server.csproj", "{2A34EA7D-ACDC-4740-A8D7-5A097868FEB6}"
EndProject
Project("{FAE04EC0-301F-11D3-BF4B-00C04F79EFBC}") = "RequestResponseMessaging.Configuration", "src\RequestResponseMessaging.Configuration\RequestResponseMessaging.Configuration.csproj", "{B3599A32-04BF-471E-B2AC-8E5D8D0174AF}"
EndProject
Global
	GlobalSection(SolutionConfigurationPlatforms) = preSolution
		Debug|Any CPU = Debug|Any CPU
		Release|Any CPU = Release|Any CPU
	EndGlobalSection
	GlobalSection(ProjectConfigurationPlatforms) = postSolution
		{BB13A8C1-7C4E-489C-98F0-343A7AD8364B}.Debug|Any CPU.ActiveCfg = Debug|Any CPU
		{BB13A8C1-7C4E-489C-98F0-343A7AD8364B}.Debug|Any CPU.Build.0 = Debug|Any CPU
		{BB13A8C1-7C4E-489C-98F0-343A7AD8364B}.Release|Any CPU.ActiveCfg = Release|Any CPU
		{BB13A8C1-7C4E-489C-98F0-343A7AD8364B}.Release|Any CPU.Build.0 = Release|Any CPU
		{2A34EA7D-ACDC-4740-A8D7-5A097868FEB6}.Debug|Any CPU.ActiveCfg = Debug|Any CPU
		{2A34EA7D-ACDC-4740-A8D7-5A097868FEB6}.Debug|Any CPU.Build.0 = Debug|Any CPU
		{2A34EA7D-ACDC-4740-A8D7-5A097868FEB6}.Release|Any CPU.ActiveCfg = Release|Any CPU
		{2A34EA7D-ACDC-4740-A8D7-5A097868FEB6}.Release|Any CPU.Build.0 = Release|Any CPU
		{B3599A32-04BF-471E-B2AC-8E5D8D0174AF}.Debug|Any CPU.ActiveCfg = Debug|Any CPU
		{B3599A32-04BF-471E-B2AC-8E5D8D0174AF}.Debug|Any CPU.Build.0 = Debug|Any CPU
		{B3599A32-04BF-471E-B2AC-8E5D8D0174AF}.Release|Any CPU.ActiveCfg = Release|Any CPU
		{B3599A32-04BF-471E-B2AC-8E5D8D0174AF}.Release|Any CPU.Build.0 = Release|Any CPU
	EndGlobalSection
	GlobalSection(SolutionProperties) = preSolution
		HideSolutionNode = FALSE
	EndGlobalSection
	GlobalSection(ExtensibilityGlobals) = postSolution
		SolutionGuid = {57D98F5E-4957-46E2-8D20-ECBE25447B06}
	EndGlobalSection
EndGlobal
